
Microsoft Visual Studio Solution File, Format Version 12.00
# Visual Studio Version 17
VisualStudioVersion = 17.3.32825.248
MinimumVisualStudioVersion = 10.0.40219.1
Project("{FAE04EC0-301F-11D3-BF4B-00C04F79EFBC}") = "ApiPrueba", "ApiPrueba.csproj", "{F5431BAF-FEF8-4A9B-B129-9D006CD5F0B6}"
EndProject
Global
	GlobalSection(SolutionConfigurationPlatforms) = preSolution
		Debug|Any CPU = Debug|Any CPU
		Release|Any CPU = Release|Any CPU
	EndGlobalSection
	GlobalSection(ProjectConfigurationPlatforms) = postSolution
		{F5431BAF-FEF8-4A9B-B129-9D006CD5F0B6}.Debug|Any CPU.ActiveCfg = Debug|Any CPU
		{F5431BAF-FEF8-4A9B-B129-9D006CD5F0B6}.Debug|Any CPU.Build.0 = Debug|Any CPU
		{F5431BAF-FEF8-4A9B-B129-9D006CD5F0B6}.Release|Any CPU.ActiveCfg = Release|Any CPU
		{F5431BAF-FEF8-4A9B-B129-9D006CD5F0B6}.Release|Any CPU.Build.0 = Release|Any CPU
	EndGlobalSection
	GlobalSection(SolutionProperties) = preSolution
		HideSolutionNode = FALSE
	EndGlobalSection
	GlobalSection(ExtensibilityGlobals) = postSolution
		SolutionGuid = {6A53013C-94C0-4CA3-A314-ABB158413712}
	EndGlobalSection
EndGlobal
